
Microsoft Visual Studio Solution File, Format Version 12.00
# Visual Studio Version 17
VisualStudioVersion = 17.4.33403.182
MinimumVisualStudioVersion = 10.0.40219.1
Project("{FAE04EC0-301F-11D3-BF4B-00C04F79EFBC}") = "SportStoreFreeman", "SportStoreFreeman\SportStoreFreeman.csproj", "{555AF001-4FFB-4018-9439-C85FE9742073}"
EndProject
Project("{FAE04EC0-301F-11D3-BF4B-00C04F79EFBC}") = "SportStoreFreemanTests", "SportStoreFreemanTests\SportStoreFreemanTests.csproj", "{2EDC08F9-3713-46BA-A742-8878605A8461}"
EndProject
Global
	GlobalSection(SolutionConfigurationPlatforms) = preSolution
		Debug|Any CPU = Debug|Any CPU
		Release|Any CPU = Release|Any CPU
	EndGlobalSection
	GlobalSection(ProjectConfigurationPlatforms) = postSolution
		{555AF001-4FFB-4018-9439-C85FE9742073}.Debug|Any CPU.ActiveCfg = Debug|Any CPU
		{555AF001-4FFB-4018-9439-C85FE9742073}.Debug|Any CPU.Build.0 = Debug|Any CPU
		{555AF001-4FFB-4018-9439-C85FE9742073}.Release|Any CPU.ActiveCfg = Release|Any CPU
		{555AF001-4FFB-4018-9439-C85FE9742073}.Release|Any CPU.Build.0 = Release|Any CPU
		{2EDC08F9-3713-46BA-A742-8878605A8461}.Debug|Any CPU.ActiveCfg = Debug|Any CPU
		{2EDC08F9-3713-46BA-A742-8878605A8461}.Debug|Any CPU.Build.0 = Debug|Any CPU
		{2EDC08F9-3713-46BA-A742-8878605A8461}.Release|Any CPU.ActiveCfg = Release|Any CPU
		{2EDC08F9-3713-46BA-A742-8878605A8461}.Release|Any CPU.Build.0 = Release|Any CPU
	EndGlobalSection
	GlobalSection(SolutionProperties) = preSolution
		HideSolutionNode = FALSE
	EndGlobalSection
	GlobalSection(ExtensibilityGlobals) = postSolution
		SolutionGuid = {245FA766-E062-4DD8-B9D5-7FBEB87A7984}
	EndGlobalSection
EndGlobal
